
Microsoft Visual Studio Solution File, Format Version 12.00
# Visual Studio 15
VisualStudioVersion = 15.0.35026.233
MinimumVisualStudioVersion = 10.0.40219.1
Project("{FAE04EC0-301F-11D3-BF4B-00C04F79EFBC}") = "Distinction", "Distinction\Distinction.csproj", "{BEF23ABD-0CB0-469F-9521-7338412C9EDB}"
EndProject
Project("{930C7802-8A8C-48F9-8165-68863BCCD9DD}") = "DistinctionInstaller", "DistinctionInstaller\DistinctionInstaller.wixproj", "{CFFAC1D4-BF21-48AB-A14A-328FFBEA4554}"
EndProject
Project("{C7167F0D-BC9F-4E6E-AFE1-012C56B48DB5}") = "DistinctionWindows", "DistinctionWindows\DistinctionWindows.wapproj", "{068AD52A-2705-46F2-9F50-1621F6CDEBE1}"
EndProject
Project("{FAE04EC0-301F-11D3-BF4B-00C04F79EFBC}") = "PointlessMaths", "ClassLibrary1\PointlessMaths.csproj", "{A2BBD742-7AED-493F-928E-19B356D3A671}"
EndProject
Global
	GlobalSection(SolutionConfigurationPlatforms) = preSolution
		Debug|Any CPU = Debug|Any CPU
		Debug|ARM = Debug|ARM
		Debug|ARM64 = Debug|ARM64
		Debug|x64 = Debug|x64
		Debug|x86 = Debug|x86
		Release|Any CPU = Release|Any CPU
		Release|ARM = Release|ARM
		Release|ARM64 = Release|ARM64
		Release|x64 = Release|x64
		Release|x86 = Release|x86
	EndGlobalSection
	GlobalSection(ProjectConfigurationPlatforms) = postSolution
		{BEF23ABD-0CB0-469F-9521-7338412C9EDB}.Debug|Any CPU.ActiveCfg = Debug|Any CPU
		{BEF23ABD-0CB0-469F-9521-7338412C9EDB}.Debug|Any CPU.Build.0 = Debug|Any CPU
		{BEF23ABD-0CB0-469F-9521-7338412C9EDB}.Debug|ARM.ActiveCfg = Debug|Any CPU
		{BEF23ABD-0CB0-469F-9521-7338412C9EDB}.Debug|ARM.Build.0 = Debug|Any CPU
		{BEF23ABD-0CB0-469F-9521-7338412C9EDB}.Debug|ARM64.ActiveCfg = Debug|Any CPU
		{BEF23ABD-0CB0-469F-9521-7338412C9EDB}.Debug|ARM64.Build.0 = Debug|Any CPU
		{BEF23ABD-0CB0-469F-9521-7338412C9EDB}.Debug|x64.ActiveCfg = Debug|Any CPU
		{BEF23ABD-0CB0-469F-9521-7338412C9EDB}.Debug|x64.Build.0 = Debug|Any CPU
		{BEF23ABD-0CB0-469F-9521-7338412C9EDB}.Debug|x86.ActiveCfg = Debug|Any CPU
		{BEF23ABD-0CB0-469F-9521-7338412C9EDB}.Debug|x86.Build.0 = Debug|Any CPU
		{BEF23ABD-0CB0-469F-9521-7338412C9EDB}.Release|Any CPU.ActiveCfg = Release|Any CPU
		{BEF23ABD-0CB0-469F-9521-7338412C9EDB}.Release|Any CPU.Build.0 = Release|Any CPU
		{BEF23ABD-0CB0-469F-9521-7338412C9EDB}.Release|ARM.ActiveCfg = Release|Any CPU
		{BEF23ABD-0CB0-469F-9521-7338412C9EDB}.Release|ARM.Build.0 = Release|Any CPU
		{BEF23ABD-0CB0-469F-9521-7338412C9EDB}.Release|ARM64.ActiveCfg = Release|Any CPU
		{BEF23ABD-0CB0-469F-9521-7338412C9EDB}.Release|ARM64.Build.0 = Release|Any CPU
		{BEF23ABD-0CB0-469F-9521-7338412C9EDB}.Release|x64.ActiveCfg = Release|Any CPU
		{BEF23ABD-0CB0-469F-9521-7338412C9EDB}.Release|x64.Build.0 = Release|Any CPU
		{BEF23ABD-0CB0-469F-9521-7338412C9EDB}.Release|x86.ActiveCfg = Release|Any CPU
		{BEF23ABD-0CB0-469F-9521-7338412C9EDB}.Release|x86.Build.0 = Release|Any CPU
		{CFFAC1D4-BF21-48AB-A14A-328FFBEA4554}.Debug|Any CPU.ActiveCfg = Debug|x86
		{CFFAC1D4-BF21-48AB-A14A-328FFBEA4554}.Debug|ARM.ActiveCfg = Debug|x86
		{CFFAC1D4-BF21-48AB-A14A-328FFBEA4554}.Debug|ARM64.ActiveCfg = Debug|x86
		{CFFAC1D4-BF21-48AB-A14A-328FFBEA4554}.Debug|x64.ActiveCfg = Debug|x86
		{CFFAC1D4-BF21-48AB-A14A-328FFBEA4554}.Debug|x86.ActiveCfg = Debug|x86
		{CFFAC1D4-BF21-48AB-A14A-328FFBEA4554}.Debug|x86.Build.0 = Debug|x86
		{CFFAC1D4-BF21-48AB-A14A-328FFBEA4554}.Release|Any CPU.ActiveCfg = Release|x86
		{CFFAC1D4-BF21-48AB-A14A-328FFBEA4554}.Release|ARM.ActiveCfg = Release|x86
		{CFFAC1D4-BF21-48AB-A14A-328FFBEA4554}.Release|ARM64.ActiveCfg = Release|x86
		{CFFAC1D4-BF21-48AB-A14A-328FFBEA4554}.Release|x64.ActiveCfg = Release|x86
		{CFFAC1D4-BF21-48AB-A14A-328FFBEA4554}.Release|x86.ActiveCfg = Release|x86
		{CFFAC1D4-BF21-48AB-A14A-328FFBEA4554}.Release|x86.Build.0 = Release|x86
		{068AD52A-2705-46F2-9F50-1621F6CDEBE1}.Debug|Any CPU.ActiveCfg = Debug|Any CPU
		{068AD52A-2705-46F2-9F50-1621F6CDEBE1}.Debug|Any CPU.Build.0 = Debug|Any CPU
		{068AD52A-2705-46F2-9F50-1621F6CDEBE1}.Debug|Any CPU.Deploy.0 = Debug|Any CPU
		{068AD52A-2705-46F2-9F50-1621F6CDEBE1}.Debug|ARM.ActiveCfg = Debug|Any CPU
		{068AD52A-2705-46F2-9F50-1621F6CDEBE1}.Debug|ARM.Build.0 = Debug|Any CPU
		{068AD52A-2705-46F2-9F50-1621F6CDEBE1}.Debug|ARM.Deploy.0 = Debug|Any CPU
		{068AD52A-2705-46F2-9F50-1621F6CDEBE1}.Debug|ARM64.ActiveCfg = Debug|Any CPU
		{068AD52A-2705-46F2-9F50-1621F6CDEBE1}.Debug|ARM64.Build.0 = Debug|Any CPU
		{068AD52A-2705-46F2-9F50-1621F6CDEBE1}.Debug|ARM64.Deploy.0 = Debug|Any CPU
		{068AD52A-2705-46F2-9F50-1621F6CDEBE1}.Debug|x64.ActiveCfg = Debug|x64
		{068AD52A-2705-46F2-9F50-1621F6CDEBE1}.Debug|x64.Build.0 = Debug|x64
		{068AD52A-2705-46F2-9F50-1621F6CDEBE1}.Debug|x64.Deploy.0 = Debug|x64
		{068AD52A-2705-46F2-9F50-1621F6CDEBE1}.Debug|x86.ActiveCfg = Debug|x86
		{068AD52A-2705-46F2-9F50-1621F6CDEBE1}.Debug|x86.Build.0 = Debug|x86
		{068AD52A-2705-46F2-9F50-1621F6CDEBE1}.Debug|x86.Deploy.0 = Debug|x86
		{068AD52A-2705-46F2-9F50-1621F6CDEBE1}.Release|Any CPU.ActiveCfg = Release|Any CPU
		{068AD52A-2705-46F2-9F50-1621F6CDEBE1}.Release|Any CPU.Build.0 = Release|Any CPU
		{068AD52A-2705-46F2-9F50-1621F6CDEBE1}.Release|Any CPU.Deploy.0 = Release|Any CPU
		{068AD52A-2705-46F2-9F50-1621F6CDEBE1}.Release|ARM.ActiveCfg = Release|Any CPU
		{068AD52A-2705-46F2-9F50-1621F6CDEBE1}.Release|ARM.Build.0 = Release|Any CPU
		{068AD52A-2705-46F2-9F50-1621F6CDEBE1}.Release|ARM.Deploy.0 = Release|Any CPU
		{068AD52A-2705-46F2-9F50-1621F6CDEBE1}.Release|ARM64.ActiveCfg = Release|Any CPU
		{068AD52A-2705-46F2-9F50-1621F6CDEBE1}.Release|ARM64.Build.0 = Release|Any CPU
		{068AD52A-2705-46F2-9F50-1621F6CDEBE1}.Release|ARM64.Deploy.0 = Release|Any CPU
		{068AD52A-2705-46F2-9F50-1621F6CDEBE1}.Release|x64.ActiveCfg = Release|x64
		{068AD52A-2705-46F2-9F50-1621F6CDEBE1}.Release|x64.Build.0 = Release|x64
		{068AD52A-2705-46F2-9F50-1621F6CDEBE1}.Release|x64.Deploy.0 = Release|x64
		{068AD52A-2705-46F2-9F50-1621F6CDEBE1}.Release|x86.ActiveCfg = Release|x86
		{068AD52A-2705-46F2-9F50-1621F6CDEBE1}.Release|x86.Build.0 = Release|x86
		{068AD52A-2705-46F2-9F50-1621F6CDEBE1}.Release|x86.Deploy.0 = Release|x86
		{A2BBD742-7AED-493F-928E-19B356D3A671}.Debug|Any CPU.ActiveCfg = Debug|Any CPU
		{A2BBD742-7AED-493F-928E-19B356D3A671}.Debug|Any CPU.Build.0 = Debug|Any CPU
		{A2BBD742-7AED-493F-928E-19B356D3A671}.Debug|ARM.ActiveCfg = Debug|Any CPU
		{A2BBD742-7AED-493F-928E-19B356D3A671}.Debug|ARM.Build.0 = Debug|Any CPU
		{A2BBD742-7AED-493F-928E-19B356D3A671}.Debug|ARM64.ActiveCfg = Debug|Any CPU
		{A2BBD742-7AED-493F-928E-19B356D3A671}.Debug|ARM64.Build.0 = Debug|Any CPU
		{A2BBD742-7AED-493F-928E-19B356D3A671}.Debug|x64.ActiveCfg = Debug|Any CPU
		{A2BBD742-7AED-493F-928E-19B356D3A671}.Debug|x64.Build.0 = Debug|Any CPU
		{A2BBD742-7AED-493F-928E-19B356D3A671}.Debug|x86.ActiveCfg = Debug|Any CPU
		{A2BBD742-7AED-493F-928E-19B356D3A671}.Debug|x86.Build.0 = Debug|Any CPU
		{A2BBD742-7AED-493F-928E-19B356D3A671}.Release|Any CPU.ActiveCfg = Release|Any CPU
		{A2BBD742-7AED-493F-928E-19B356D3A671}.Release|Any CPU.Build.0 = Release|Any CPU
		{A2BBD742-7AED-493F-928E-19B356D3A671}.Release|ARM.ActiveCfg = Release|Any CPU
		{A2BBD742-7AED-493F-928E-19B356D3A671}.Release|ARM.Build.0 = Release|Any CPU
		{A2BBD742-7AED-493F-928E-19B356D3A671}.Release|ARM64.ActiveCfg = Release|Any CPU
		{A2BBD742-7AED-493F-928E-19B356D3A671}.Release|ARM64.Build.0 = Release|Any CPU
		{A2BBD742-7AED-493F-928E-19B356D3A671}.Release|x64.ActiveCfg = Release|Any CPU
		{A2BBD742-7AED-493F-928E-19B356D3A671}.Release|x64.Build.0 = Release|Any CPU
		{A2BBD742-7AED-493F-928E-19B356D3A671}.Release|x86.ActiveCfg = Release|Any CPU
		{A2BBD742-7AED-493F-928E-19B356D3A671}.Release|x86.Build.0 = Release|Any CPU
	EndGlobalSection
	GlobalSection(SolutionProperties) = preSolution
		HideSolutionNode = FALSE
	EndGlobalSection
	GlobalSection(ExtensibilityGlobals) = postSolution
		SolutionGuid = {D0563B37-BD0A-404C-A691-E5EF5E339307}
	EndGlobalSection
EndGlobal
